
Microsoft Visual Studio Solution File, Format Version 12.00
# Visual Studio Version 17
VisualStudioVersion = 17.14.36429.23
MinimumVisualStudioVersion = 10.0.40219.1
Project("{FAE04EC0-301F-11D3-BF4B-00C04F79EFBC}") = "SD3-FileStoringService", "SD3-FileStoringService\SD3-FileStoringService.csproj", "{B47D390C-65F3-4E38-8A9A-E0CC3DEB9358}"
EndProject
Project("{2150E333-8FDC-42A3-9474-1A3956D46DE8}") = "Элементы решения", "Элементы решения", "{754FC069-D67B-A9D7-50A1-8D1CA196D8F1}"
	ProjectSection(SolutionItems) = preProject
		docker-compose.yml = docker-compose.yml
	EndProjectSection
EndProject
Project("{FAE04EC0-301F-11D3-BF4B-00C04F79EFBC}") = "SD3-FileAnalysisService", "SD3-FileAnalysisService\SD3-FileAnalysisService.csproj", "{77266B57-6BB4-79AA-3ADC-715822D187C3}"
EndProject
Project("{FAE04EC0-301F-11D3-BF4B-00C04F79EFBC}") = "SD3-APIGateway", "SD3-APIGateway\SD3-APIGateway.csproj", "{DDF13DD6-D1CF-4322-AB91-28FCAC80B1A6}"
EndProject
Global
	GlobalSection(SolutionConfigurationPlatforms) = preSolution
		Debug|Any CPU = Debug|Any CPU
		Release|Any CPU = Release|Any CPU
	EndGlobalSection
	GlobalSection(ProjectConfigurationPlatforms) = postSolution
		{B47D390C-65F3-4E38-8A9A-E0CC3DEB9358}.Debug|Any CPU.ActiveCfg = Debug|Any CPU
		{B47D390C-65F3-4E38-8A9A-E0CC3DEB9358}.Debug|Any CPU.Build.0 = Debug|Any CPU
		{B47D390C-65F3-4E38-8A9A-E0CC3DEB9358}.Release|Any CPU.ActiveCfg = Release|Any CPU
		{B47D390C-65F3-4E38-8A9A-E0CC3DEB9358}.Release|Any CPU.Build.0 = Release|Any CPU
		{77266B57-6BB4-79AA-3ADC-715822D187C3}.Debug|Any CPU.ActiveCfg = Debug|Any CPU
		{77266B57-6BB4-79AA-3ADC-715822D187C3}.Debug|Any CPU.Build.0 = Debug|Any CPU
		{77266B57-6BB4-79AA-3ADC-715822D187C3}.Release|Any CPU.ActiveCfg = Release|Any CPU
		{77266B57-6BB4-79AA-3ADC-715822D187C3}.Release|Any CPU.Build.0 = Release|Any CPU
		{DDF13DD6-D1CF-4322-AB91-28FCAC80B1A6}.Debug|Any CPU.ActiveCfg = Debug|Any CPU
		{DDF13DD6-D1CF-4322-AB91-28FCAC80B1A6}.Debug|Any CPU.Build.0 = Debug|Any CPU
		{DDF13DD6-D1CF-4322-AB91-28FCAC80B1A6}.Release|Any CPU.ActiveCfg = Release|Any CPU
		{DDF13DD6-D1CF-4322-AB91-28FCAC80B1A6}.Release|Any CPU.Build.0 = Release|Any CPU
	EndGlobalSection
	GlobalSection(SolutionProperties) = preSolution
		HideSolutionNode = FALSE
	EndGlobalSection
	GlobalSection(ExtensibilityGlobals) = postSolution
		SolutionGuid = {F5B0F398-1137-4EB0-99DF-E462A2A04CD8}
	EndGlobalSection
EndGlobal
